
Microsoft Visual Studio Solution File, Format Version 12.00
# Visual Studio Version 17
VisualStudioVersion = 17.0.32112.339
MinimumVisualStudioVersion = 10.0.40219.1
Project("{FAE04EC0-301F-11D3-BF4B-00C04F79EFBC}") = "ProjetoPorcentagemSalario", "ProjetoPorcentagemSalario\ProjetoPorcentagemSalario.csproj", "{68967AAB-D817-4473-ACFF-B0F00D85B6C7}"
EndProject
Global
	GlobalSection(SolutionConfigurationPlatforms) = preSolution
		Debug|Any CPU = Debug|Any CPU
		Release|Any CPU = Release|Any CPU
	EndGlobalSection
	GlobalSection(ProjectConfigurationPlatforms) = postSolution
		{68967AAB-D817-4473-ACFF-B0F00D85B6C7}.Debug|Any CPU.ActiveCfg = Debug|Any CPU
		{68967AAB-D817-4473-ACFF-B0F00D85B6C7}.Debug|Any CPU.Build.0 = Debug|Any CPU
		{68967AAB-D817-4473-ACFF-B0F00D85B6C7}.Release|Any CPU.ActiveCfg = Release|Any CPU
		{68967AAB-D817-4473-ACFF-B0F00D85B6C7}.Release|Any CPU.Build.0 = Release|Any CPU
	EndGlobalSection
	GlobalSection(SolutionProperties) = preSolution
		HideSolutionNode = FALSE
	EndGlobalSection
	GlobalSection(ExtensibilityGlobals) = postSolution
		SolutionGuid = {0C786120-CC5A-4E0B-A709-A86FD099AEDC}
	EndGlobalSection
EndGlobal
