
Microsoft Visual Studio Solution File, Format Version 12.00
# Visual Studio Version 17
VisualStudioVersion = 17.0.32112.339
MinimumVisualStudioVersion = 10.0.40219.1
Project("{9A19103F-16F7-4668-BE54-9A1E7A4F7556}") = "Crud", "Crud\Crud.csproj", "{A8D4D2AD-D7CD-4254-A64E-6505CD81A456}"
EndProject
Project("{FAE04EC0-301F-11D3-BF4B-00C04F79EFBC}") = "DAL", "DAL\DAL.csproj", "{F947F3DD-3CAB-405B-B7FA-E5BEFFE1C8B6}"
EndProject
Global
	GlobalSection(SolutionConfigurationPlatforms) = preSolution
		Debug|Any CPU = Debug|Any CPU
		Release|Any CPU = Release|Any CPU
	EndGlobalSection
	GlobalSection(ProjectConfigurationPlatforms) = postSolution
		{A8D4D2AD-D7CD-4254-A64E-6505CD81A456}.Debug|Any CPU.ActiveCfg = Debug|Any CPU
		{A8D4D2AD-D7CD-4254-A64E-6505CD81A456}.Debug|Any CPU.Build.0 = Debug|Any CPU
		{A8D4D2AD-D7CD-4254-A64E-6505CD81A456}.Release|Any CPU.ActiveCfg = Release|Any CPU
		{A8D4D2AD-D7CD-4254-A64E-6505CD81A456}.Release|Any CPU.Build.0 = Release|Any CPU
		{F947F3DD-3CAB-405B-B7FA-E5BEFFE1C8B6}.Debug|Any CPU.ActiveCfg = Debug|Any CPU
		{F947F3DD-3CAB-405B-B7FA-E5BEFFE1C8B6}.Debug|Any CPU.Build.0 = Debug|Any CPU
		{F947F3DD-3CAB-405B-B7FA-E5BEFFE1C8B6}.Release|Any CPU.ActiveCfg = Release|Any CPU
		{F947F3DD-3CAB-405B-B7FA-E5BEFFE1C8B6}.Release|Any CPU.Build.0 = Release|Any CPU
	EndGlobalSection
	GlobalSection(SolutionProperties) = preSolution
		HideSolutionNode = FALSE
	EndGlobalSection
	GlobalSection(ExtensibilityGlobals) = postSolution
		SolutionGuid = {3D36C0D4-364F-4EB4-B9B5-7E1C38CC7778}
	EndGlobalSection
EndGlobal
