
Microsoft Visual Studio Solution File, Format Version 12.00
# Visual Studio Version 17
VisualStudioVersion = 17.0.32112.339
MinimumVisualStudioVersion = 10.0.40219.1
Project("{FAE04EC0-301F-11D3-BF4B-00C04F79EFBC}") = "DataBindig", "DataBindig\DataBindig.csproj", "{CA4A000F-46A8-4B25-B4D5-A4FCF70D470A}"
EndProject
Project("{FAE04EC0-301F-11D3-BF4B-00C04F79EFBC}") = "BLL", "BLL\BLL.csproj", "{14532E97-CB52-44F9-9CB1-3260777DF5A6}"
EndProject
Global
	GlobalSection(SolutionConfigurationPlatforms) = preSolution
		Debug|Any CPU = Debug|Any CPU
		Release|Any CPU = Release|Any CPU
	EndGlobalSection
	GlobalSection(ProjectConfigurationPlatforms) = postSolution
		{CA4A000F-46A8-4B25-B4D5-A4FCF70D470A}.Debug|Any CPU.ActiveCfg = Debug|Any CPU
		{CA4A000F-46A8-4B25-B4D5-A4FCF70D470A}.Debug|Any CPU.Build.0 = Debug|Any CPU
		{CA4A000F-46A8-4B25-B4D5-A4FCF70D470A}.Release|Any CPU.ActiveCfg = Release|Any CPU
		{CA4A000F-46A8-4B25-B4D5-A4FCF70D470A}.Release|Any CPU.Build.0 = Release|Any CPU
		{14532E97-CB52-44F9-9CB1-3260777DF5A6}.Debug|Any CPU.ActiveCfg = Debug|Any CPU
		{14532E97-CB52-44F9-9CB1-3260777DF5A6}.Debug|Any CPU.Build.0 = Debug|Any CPU
		{14532E97-CB52-44F9-9CB1-3260777DF5A6}.Release|Any CPU.ActiveCfg = Release|Any CPU
		{14532E97-CB52-44F9-9CB1-3260777DF5A6}.Release|Any CPU.Build.0 = Release|Any CPU
	EndGlobalSection
	GlobalSection(SolutionProperties) = preSolution
		HideSolutionNode = FALSE
	EndGlobalSection
	GlobalSection(ExtensibilityGlobals) = postSolution
		SolutionGuid = {3018A00A-9B67-4F61-84FB-FF1F84605A0B}
	EndGlobalSection
EndGlobal
