
Microsoft Visual Studio Solution File, Format Version 12.00
# Visual Studio Version 16
VisualStudioVersion = 16.0.33423.256
MinimumVisualStudioVersion = 10.0.40219.1
Project("{FAE04EC0-301F-11D3-BF4B-00C04F79EFBC}") = "Exclusão de elementos de Árvore Binária", "Exclusão de elementos de Árvore Binária\Exclusão de elementos de Árvore Binária.csproj", "{61060057-B786-4241-897A-1EBFC9D35C77}"
EndProject
Global
	GlobalSection(SolutionConfigurationPlatforms) = preSolution
		Debug|Any CPU = Debug|Any CPU
		Release|Any CPU = Release|Any CPU
	EndGlobalSection
	GlobalSection(ProjectConfigurationPlatforms) = postSolution
		{61060057-B786-4241-897A-1EBFC9D35C77}.Debug|Any CPU.ActiveCfg = Debug|Any CPU
		{61060057-B786-4241-897A-1EBFC9D35C77}.Debug|Any CPU.Build.0 = Debug|Any CPU
		{61060057-B786-4241-897A-1EBFC9D35C77}.Release|Any CPU.ActiveCfg = Release|Any CPU
		{61060057-B786-4241-897A-1EBFC9D35C77}.Release|Any CPU.Build.0 = Release|Any CPU
	EndGlobalSection
	GlobalSection(SolutionProperties) = preSolution
		HideSolutionNode = FALSE
	EndGlobalSection
	GlobalSection(ExtensibilityGlobals) = postSolution
		SolutionGuid = {94091B26-3073-44BB-AB51-4D3FB573BD23}
	EndGlobalSection
EndGlobal
